
Microsoft Visual Studio Solution File, Format Version 12.00
# Visual Studio Version 17
VisualStudioVersion = 17.11.35312.102
MinimumVisualStudioVersion = 10.0.40219.1
Project("{FAE04EC0-301F-11D3-BF4B-00C04F79EFBC}") = "OpenLaneBiddingSystem", "OpenLaneBiddingSystem.csproj", "{7FC052C1-5951-46C5-9574-DCB1E9CB3779}"
EndProject
Global
	GlobalSection(SolutionConfigurationPlatforms) = preSolution
		Debug|Any CPU = Debug|Any CPU
		Release|Any CPU = Release|Any CPU
	EndGlobalSection
	GlobalSection(ProjectConfigurationPlatforms) = postSolution
		{7FC052C1-5951-46C5-9574-DCB1E9CB3779}.Debug|Any CPU.ActiveCfg = Debug|Any CPU
		{7FC052C1-5951-46C5-9574-DCB1E9CB3779}.Debug|Any CPU.Build.0 = Debug|Any CPU
		{7FC052C1-5951-46C5-9574-DCB1E9CB3779}.Release|Any CPU.ActiveCfg = Release|Any CPU
		{7FC052C1-5951-46C5-9574-DCB1E9CB3779}.Release|Any CPU.Build.0 = Release|Any CPU
	EndGlobalSection
	GlobalSection(SolutionProperties) = preSolution
		HideSolutionNode = FALSE
	EndGlobalSection
	GlobalSection(ExtensibilityGlobals) = postSolution
		SolutionGuid = {3FC8E17C-4D07-4FDD-ABED-B1D14A3FEE38}
	EndGlobalSection
EndGlobal
